
Microsoft Visual Studio Solution File, Format Version 12.00
# Visual Studio Version 16
VisualStudioVersion = 16.0.29905.134
MinimumVisualStudioVersion = 10.0.40219.1
Project("{8BC9CEB8-8B4A-11D0-8D11-00A0C91BC942}") = "RecursiveRoundFileSystem", "RecursiveRoundFileSystem\RecursiveRoundFileSystem.vcxproj", "{E8DBDF1A-17B1-43CA-A68D-34350F1954CE}"
EndProject
Project("{8BC9CEB8-8B4A-11D0-8D11-00A0C91BC942}") = "RequestTest", "RequestTest\RequestTest.vcxproj", "{9B3AEEE2-97EB-4594-B974-3773BF07B73C}"
EndProject
Global
	GlobalSection(SolutionConfigurationPlatforms) = preSolution
		Debug|x64 = Debug|x64
		Debug|x86 = Debug|x86
		Release|x64 = Release|x64
		Release|x86 = Release|x86
	EndGlobalSection
	GlobalSection(ProjectConfigurationPlatforms) = postSolution
		{E8DBDF1A-17B1-43CA-A68D-34350F1954CE}.Debug|x64.ActiveCfg = Debug|x64
		{E8DBDF1A-17B1-43CA-A68D-34350F1954CE}.Debug|x64.Build.0 = Debug|x64
		{E8DBDF1A-17B1-43CA-A68D-34350F1954CE}.Debug|x86.ActiveCfg = Debug|Win32
		{E8DBDF1A-17B1-43CA-A68D-34350F1954CE}.Debug|x86.Build.0 = Debug|Win32
		{E8DBDF1A-17B1-43CA-A68D-34350F1954CE}.Release|x64.ActiveCfg = Release|x64
		{E8DBDF1A-17B1-43CA-A68D-34350F1954CE}.Release|x64.Build.0 = Release|x64
		{E8DBDF1A-17B1-43CA-A68D-34350F1954CE}.Release|x86.ActiveCfg = Release|Win32
		{E8DBDF1A-17B1-43CA-A68D-34350F1954CE}.Release|x86.Build.0 = Release|Win32
		{9B3AEEE2-97EB-4594-B974-3773BF07B73C}.Debug|x64.ActiveCfg = Debug|x64
		{9B3AEEE2-97EB-4594-B974-3773BF07B73C}.Debug|x64.Build.0 = Debug|x64
		{9B3AEEE2-97EB-4594-B974-3773BF07B73C}.Debug|x86.ActiveCfg = Debug|Win32
		{9B3AEEE2-97EB-4594-B974-3773BF07B73C}.Debug|x86.Build.0 = Debug|Win32
		{9B3AEEE2-97EB-4594-B974-3773BF07B73C}.Release|x64.ActiveCfg = Release|x64
		{9B3AEEE2-97EB-4594-B974-3773BF07B73C}.Release|x64.Build.0 = Release|x64
		{9B3AEEE2-97EB-4594-B974-3773BF07B73C}.Release|x86.ActiveCfg = Release|Win32
		{9B3AEEE2-97EB-4594-B974-3773BF07B73C}.Release|x86.Build.0 = Release|Win32
	EndGlobalSection
	GlobalSection(SolutionProperties) = preSolution
		HideSolutionNode = FALSE
	EndGlobalSection
	GlobalSection(ExtensibilityGlobals) = postSolution
		SolutionGuid = {68A8C42C-330B-4D47-8BB9-998F36A2F65A}
	EndGlobalSection
EndGlobal
